
Microsoft Visual Studio Solution File, Format Version 12.00
# Visual Studio Version 17
VisualStudioVersion = 17.4.33103.184
MinimumVisualStudioVersion = 10.0.40219.1
Project("{9A19103F-16F7-4668-BE54-9A1E7A4F7556}") = "GrpcService", "GrpcService\GrpcService.csproj", "{6ED735A4-8725-4242-9BBD-C9E269EB0C65}"
EndProject
Global
	GlobalSection(SolutionConfigurationPlatforms) = preSolution
		Debug|Any CPU = Debug|Any CPU
		Release|Any CPU = Release|Any CPU
	EndGlobalSection
	GlobalSection(ProjectConfigurationPlatforms) = postSolution
		{6ED735A4-8725-4242-9BBD-C9E269EB0C65}.Debug|Any CPU.ActiveCfg = Debug|Any CPU
		{6ED735A4-8725-4242-9BBD-C9E269EB0C65}.Debug|Any CPU.Build.0 = Debug|Any CPU
		{6ED735A4-8725-4242-9BBD-C9E269EB0C65}.Release|Any CPU.ActiveCfg = Release|Any CPU
		{6ED735A4-8725-4242-9BBD-C9E269EB0C65}.Release|Any CPU.Build.0 = Release|Any CPU
	EndGlobalSection
	GlobalSection(SolutionProperties) = preSolution
		HideSolutionNode = FALSE
	EndGlobalSection
	GlobalSection(ExtensibilityGlobals) = postSolution
		SolutionGuid = {8D50ECAD-E7B0-420E-B2A6-DF5038A35ED1}
	EndGlobalSection
EndGlobal
